github.com/boj/redistore v1.4.1 h1:lP9ZZWqKMq2RIqexlZX1w1ODSnegL+puxGIujkU5tIw=
github.com/boj/redistore v1.4.1/go.mod h1:c0Tvw6aMjslog4jHIAcNv6EtJM849YoOAhMY7JBbWpI=
github.com/bsm/ginkgo/v2 v2.12.0 h1:Ny8MWAHyOepLGlLKYmXG4IEkioBysk6GpaRTLC8zwWs=
github.com/bsm/ginkgo/v2 v2.12.0/go.mod h1:SwYbGRRDovPVboqFv0tPTcG1sN61LM1Z4ARdbAV9g4c=
github.com/bsm/gomega v1.27.10 h1:yeMWxP2pV2fG3FgAODIY8EiRE3dy0aeFYt4l7wh6yKA=
github.com/bsm/gomega v1.27.10/go.mod h1:JyEr/xRbxbtgWNi8tIEVPUYZ5Dzef52k01W3YH0H+O0=
github.com/bytedance/gopkg v0.1.3 h1:TPBSwH8RsouGCBcMBktLt1AymVo2TVsBVCY4b6TnZ/M=
github.com/bytedance/gopkg v0.1.3/go.mod h1:576VvJ+eJgyCzdjS+c4+77QF3p7ubbtiKARP3TxducM=
github.com/bytedance/sonic v1.15.0 h1:/PXeWFaR5ElNcVE84U0dOHjiMHQOwNIx3K4ymzh/uSE=
github.com/bytedance/sonic v1.15.0/go.mod h1:tFkWrPz0/CUCLEF4ri4UkHekCIcdnkqXw9VduqpJh0k=
github.com/bytedance/sonic/loader v0.5.0 h1:gXH3KVnatgY7loH5/TkeVyXPfESoqSBSBEiDd5VjlgE=
github.com/bytedance/sonic/loader v0.5.0/go.mod h1:AR4NYCk5DdzZizZ5djGqQ92eEhCCcdf5x77udYiSJRo=
github.com/cespare/xxhash/v2 v2.3.0 h1:UL815xU9SqsFlibzuggzjXhog7bL6oX9BbNZnL2UFvs=
github.com/cespare/xxhash/v2 v2.3.0/go.mod h1:VGX0DQ3Q6kWi7AoAeZDth3/j3BFtOZR5XLFGgcrjCOs=
github.com/cloudwego/base64x v0.1.6 h1:t11wG9AECkCDk5fMSoxmufanudBtJ+/HemLstXDLI2M=
github.com/cloudwego/base64x v0.1.6/go.mod h1:OFcloc187FXDaYHvrNIjxSe8ncn0OOM8gEHfghB2IPU=
github.com/davecgh/go-spew v1.1.0/go.mod h1:J7Y8YcW2NihsgmVo/mv3lAwl/skON4iLHjSsI+c5H38=
github.com/davecgh/go-spew v1.1.1 h1:vj9j/u1bqnvCEfJOwUhtlOARqs3+rkHYY13jYWTU97c=
github.com/davecgh/go-spew v1.1.1/go.mod h1:J7Y8YcW2NihsgmVo/mv3lAwl/skON4iLHjSsI+c5H38=
github.com/gabriel-vasile/mimetype v1.4.12 h1:e9hWvmLYvtp846tLHam2o++qitpguFiYCKbn0w9jyqw=
github.com/gabriel-vasile/mimetype v1.4.12/go.mod h1:d+9Oxyo1wTzWdyVUPMmXFvp4F9tea18J8ufA774AB3s=
github.com/gin-contrib/sessions v1.1.0 h1:00mhHfNEGF5sP2fwxa98aRqj1FOJdL6IkR86n2hOiBo=
github.com/gin-contrib/sessions v1.1.0/go.mod h1:TyYZDIs6qCQg2SOoYPgMT9pAkmZceVNEJMcv5qbIy60=
github.com/gin-contrib/sse v1.1.0 h1:n0w2GMuUpWDVp7qSpvze6fAu9iRxJY4Hmj6AmBOU05w=
github.com/gin-contrib/sse v1.1.0/go.mod h1:hxRZ5gVpWMT7Z0B0gSNYqqsSCNIJMjzvm6fqCz9vjwM=
github.com/gin-gonic/gin v1.12.0 h1:b3YAbrZtnf8N//yjKeU2+MQsh2mY5htkZidOM7O0wG8=
github.com/gin-gonic/gin v1.12.0/go.mod h1:VxccKfsSllpKshkBWgVgRniFFAzFb9csfngsqANjnLc=
github.com/go-playground/assert/v2 v2.2.0 h1:JvknZsQTYeFEAhQwI4qEt9cyV5ONwRHC+lYKSsYSR8s=
github.com/go-playground/assert/v2 v2.2.0/go.mod h1:VDjEfimB/XKnb+ZQfWdccd7VUvScMdVu0Titje2rxJ4=
github.com/go-playground/locales v0.14.1 h1:EWaQ/wswjilfKLTECiXz7Rh+3BjFhfDFKv/oXslEjJA=
github.com/go-playground/locales v0.14.1/go.mod h1:hxrqLVvrK65+Rwrd5Fc6F2O76J/NuW9t0sjnWqG1slY=
github.com/go-playground/universal-translator v0.18.1 h1:Bcnm0ZwsGyWbCzImXv+pAJnYK9S473LQFuzCbDbfSFY=
github.com/go-playground/universal-translator v0.18.1/go.mod h1:xekY+UJKNuX9WP91TpwSH2VMlDf28Uj24BCp08ZFTUY=
github.com/go-playground/validator/v10 v10.30.1 h1:f3zDSN/zOma+w6+1Wswgd9fLkdwy06ntQJp0BBvFG0w=
github.com/go-playground/validator/v10 v10.30.1/go.mod h1:oSuBIQzuJxL//3MelwSLD5hc2Tu889bF0Idm9Dg26cM=
github.com/go-sql-driver/mysql v1.6.0 h1:BCTh4TKNUYmOmMUcQ3IipzF5prigylS7XXjEkfCHuOE=
github.com/go-sql-driver/mysql v1.6.0/go.mod h1:DCzpHaOWr8IXmIStZouvnhqoel9Qv2LBy8hT2VhHyBg=
github.com/goccy/go-json v0.10.5 h1:Fq85nIqj+gXn/S5ahsiTlK3TmC85qgirsdTP/+DeaC4=
github.com/goccy/go-json v0.10.5/go.mod h1:oq7eo15ShAhp70Anwd5lgX2pLfOS3QCiwU/PULtXL6M=
github.com/goccy/go-yaml v1.19.2 h1:PmFC1S6h8ljIz6gMRBopkjP1TVT7xuwrButHID66PoM=
github.com/goccy/go-yaml v1.19.2/go.mod h1:XBurs7gK8ATbW4ZPGKgcbrY1Br56PdM69F7LkFRi1kA=
github.com/gomodule/redigo v1.9.2 h1:HrutZBLhSIU8abiSfW8pj8mPhOyMYjZT/wcA4/L9L9s=
github.com/gomodule/redigo v1.9.2/go.mod h1:KsU3hiK/Ay8U42qpaJk+kuNa3C+spxapWpM+ywhcgtw=
github.com/google/go-cmp v0.7.0 h1:wk8382ETsv4JYUZwIsn6YpYiWiBsYLSJiTsyBybVuN8=
github.com/google/go-cmp v0.7.0/go.mod h1:pXiqmnSA92OHEEa9HXL2W4E7lf9JzCmGVUdgjX3N/iU=
github.com/google/gofuzz v1.0.0/go.mod h1:dBl0BpW6vV/+mYPU4Po3pmUjxk6FQPldtuIdl/M65Eg=
github.com/google/gofuzz v1.2.0 h1:xRy4A+RhZaiKjJ1bPfwQ8sedCA+YS2YcCHW6ec7JMi0=
github.com/google/gofuzz v1.2.0/go.mod h1:dBl0BpW6vV/+mYPU4Po3pmUjxk6FQPldtuIdl/M65Eg=
github.com/google/uuid v1.6.0 h1:NIvaJDMOsjHA8n1jAhLSgzrAzy1Hgr+hNrb57e+94F0=
github.com/google/uuid v1.6.0/go.mod h1:TIyPZe4MgqvfeYDBFedMoGGpEw/LqOeaOT+nhxU+yHo=
github.com/gorilla/context v1.1.2 h1:WRkNAv2uoa03QNIc1A6u4O7DAGMUVoopZhkiXWA2V1o=
github.com/gorilla/context v1.1.2/go.mod h1:KDPwT9i/MeWHiLl90fuTgrt4/wPcv75vFAZLaOOcbxM=
github.com/gorilla/securecookie v1.1.2 h1:YCIWL56dvtr73r6715mJs5ZvhtnY73hBvEF8kXD8ePA=
github.com/gorilla/securecookie v1.1.2/go.mod h1:NfCASbcHqRSY+3a8tlWJwsQap2VX5pwzwo4h3eOamfo=
github.com/gorilla/sessions v1.4.0 h1:kpIYOp/oi6MG/p5PgxApU8srsSw9tuFbt46Lt7auzqQ=
github.com/gorilla/sessions v1.4.0/go.mod h1:FLWm50oby91+hl7p/wRxDth9bWSuk0qVL2emc7lT5ik=
github.com/jmoiron/sqlx v1.3.5 h1:vFFPA71p1o5gAeqtEAwLU4dnX2napprKtHr7PYIcN3g=
github.com/jmoiron/sqlx v1.3.5/go.mod h1:nRVWtLre0KfCLJvgxzCsLVMogSvQ1zNJtpYr2Ccp0mQ=
github.com/json-iterator/go v1.1.12 h1:PV8peI4a0ysnczrg+LtxykD8LfKY9ML6u2jnxaEnrnM=
github.com/json-iterator/go v1.1.12/go.mod h1:e30LSqwooZae/UwlEbR2852Gd8hjQvJoHmT4TnhNGBo=
github.com/klauspost/cpuid/v2 v2.3.0 h1:S4CRMLnYUhGeDFDqkGriYKdfoFlDnMtqTiI/sFzhA9Y=
github.com/klauspost/cpuid/v2 v2.3.0/go.mod h1:hqwkgyIinND0mEev00jJYCxPNVRVXFQeu1XKlok6oO0=
github.com/leodido/go-urn v1.4.0 h1:WT9HwE9SGECu3lg4d/dIA+jxlljEa1/ffXKmRjqdmIQ=
github.com/leodido/go-urn v1.4.0/go.mod h1:bvxc+MVxLKB4z00jd1z+Dvzr47oO32F/QSNjSBOlFxI=
github.com/lib/pq v1.2.0/go.mod h1:5WUZQaWbwv1U+lTReE5YruASi9Al49XbQIvNi/34Woo=
github.com/lib/pq v1.12.3 h1:tTWxr2YLKwIvK90ZXEw8GP7UFHtcbTtty8zsI+YjrfQ=
github.com/lib/pq v1.12.3/go.mod h1:/p+8NSbOcwzAEI7wiMXFlgydTwcgTr3OSKMsD2BitpA=
github.com/mattn/go-isatty v0.0.20 h1:xfD0iDuEKnDkl03q4limB+vH+GxLEtL/jb4xVJSWWEY=
github.com/mattn/go-isatty v0.0.20/go.mod h1:W+V8PltTTMOvKvAeJH7IuucS94S2C6jfK/D7dTCTo3Y=
github.com/mattn/go-sqlite3 v1.14.6/go.mod h1:NyWgC/yNuGj7Q9rpYnZvas74GogHl5/Z4A/KQRfk6bU=
github.com/mattn/go-sqlite3 v1.14.22 h1:2gZY6PC6kBnID23Tichd1K+Z0oS6nE/XwU+Vz/5o4kU=
github.com/mattn/go-sqlite3 v1.14.22/go.mod h1:Uh1q+B4BYcTPb+yiD3kU8Ct7aC0hY9fxUwlHK0RXw+Y=
github.com/modern-go/concurrent v0.0.0-20180228061459-e0a39a4cb421/go.mod h1:6dJC0mAP4ikYIbvyc7fijjWJddQyLn8Ig3JB5CqoB9Q=
github.com/modern-go/concurrent v0.0.0-20180306012644-bacd9c7ef1dd h1:TRLaZ9cD/w8PVh93nsPXa1VrQ6jlwL5oN8l14QlcNfg=
github.com/modern-go/concurrent v0.0.0-20180306012644-bacd9c7ef1dd/go.mod h1:6dJC0mAP4ikYIbvyc7fijjWJddQyLn8Ig3JB5CqoB9Q=
github.com/modern-go/reflect2 v1.0.2 h1:xBagoLtFs94CBntxluKeaWgTMpvLxC4ur3nMaC9Gz0M=
github.com/modern-go/reflect2 v1.0.2/go.mod h1:yWuevngMOJpCy52FWWMvUC8ws7m/LJsjYzDa0/r8luk=
github.com/pelletier/go-toml/v2 v2.2.4 h1:mye9XuhQ6gvn5h28+VilKrrPoQVanw5PMw/TB0t5Ec4=
github.com/pelletier/go-toml/v2 v2.2.4/go.mod h1:2gIqNv+qfxSVS7cM2xJQKtLSTLUE9V8t9Stt+h56mCY=
github.com/pmezard/go-difflib v1.0.0 h1:4DBwDE0NGyQoBHbLQYPwSUPoCMWR5BEzIk/f1lZbAQM=
github.com/pmezard/go-difflib v1.0.0/go.mod h1:iKH77koFhYxTK1pcRnkKkqfTogsbg7gZNVY4sRDYZ/4=
github.com/quic-go/qpack v0.6.0 h1:g7W+BMYynC1LbYLSqRt8PBg5Tgwxn214ZZR34VIOjz8=
github.com/quic-go/qpack v0.6.0/go.mod h1:lUpLKChi8njB4ty2bFLX2x4gzDqXwUpaO1DP9qMDZII=
github.com/quic-go/quic-go v0.59.1 h1:0Gmua0HW1Tv7ANR7hUYwRyD0MG5OJfgvYSZasGZzBic=
github.com/quic-go/quic-go v0.59.1/go.mod h1:upnsH4Ju1YkqpLXC305eW3yDZ4NfnNbmQRCMWS58IKU=
github.com/redis/go-redis/v9 v9.21.0 h1:FPBE4hhbAke+TLmcY3WkpbDffJEomdqPn3HYiqAtL9E=
github.com/redis/go-redis/v9 v9.21.0/go.mod h1:v/M13XI1PVCDcm01VtPFOADfZtHf8YW3baQf57KlIkA=
github.com/robfig/cron/v3 v3.0.1 h1:WdRxkvbJztn8LMz/QEvLN5sBU+xKpSqwwUO1Pjr4qDs=
github.com/robfig/cron/v3 v3.0.1/go.mod h1:eQICP3HwyT7UooqI/z+Ov+PtYAWygg1TEWWzGIFLtro=
github.com/stretchr/objx v0.1.0/go.mod h1:HFkY916IF+rwdDfMAkV7OtwuqBVzrE8GR6GFx+wExME=
github.com/stretchr/objx v0.4.0/go.mod h1:YvHI0jy2hoMjB+UWwv71VJQ9isScKT/TqJzVSSt89Yw=
github.com/stretchr/objx v0.5.0/go.mod h1:Yh+to48EsGEfYuaHDzXPcE3xhTkx73EhmCGUpEOglKo=
github.com/stretchr/objx v0.5.2/go.mod h1:FRsXN1f5AsAjCGJKqEizvkpNtU+EGNCLh3NxZ/8L+MA=
github.com/stretchr/testify v1.3.0/go.mod h1:M5WIy9Dh21IEIfnGCwXGc5bZfKNJtfHm1UVUgZn+9EI=
github.com/stretchr/testify v1.7.1/go.mod h1:6Fq8oRcR53rry900zMqJjRRixrwX3KX962/h/Wwjteg=
github.com/stretchr/testify v1.8.0/go.mod h1:yNjHg4UonilssWZ8iaSj1OCr/vHnekPRkoO+kdMU+MU=
github.com/stretchr/testify v1.8.4/go.mod h1:sz/lmYIOXD/1dqDmKjjqLyZ2RngseejIcXlSw2iwfAo=
github.com/stretchr/testify v1.10.0/go.mod h1:r2ic/lqez/lEtzL7wO/rwa5dbSLXVDPFyf8C91i36aY=
github.com/stretchr/testify v1.11.1 h1:7s2iGBzp5EwR7/aIZr8ao5+dra3wiQyKjjFuvgVKu7U=
github.com/stretchr/testify v1.11.1/go.mod h1:wZwfW3scLgRK+23gO65QZefKpKQRnfz6sD981Nm4B6U=
github.com/the-loon-clan/loon v0.0.0-20260812212233-90e72a7524b9 h1:Zj48XSgAOFVRuaHinTK7GsGKZssG6WzbiRaRebQJt/A=
github.com/the-loon-clan/loon v0.0.0-20260812212233-90e72a7524b9/go.mod h1:pjoJ1ytxef54ZKrOG/N8NsfriO4ZIwyadx3fnGb1Llw=
github.com/the-loon-clan/loon v0.0.0-20260817043606-a53a74993b2c h1:NtSt9SYQrJg78OhWmjBzN0PxhMhnTjn0eUNxiBum7eA=
github.com/the-loon-clan/loon v0.0.0-20260817043606-a53a74993b2c/go.mod h1:pjoJ1ytxef54ZKrOG/N8NsfriO4ZIwyadx3fnGb1Llw=
github.com/the-loon-clan/loon v0.0.0-20260820060614-054a0d552eff h1:Z4eqtGw9+CcmK5nRD3qa1e/bsax+kGjGvQyB7Eo3aDU=
github.com/the-loon-clan/loon v0.0.0-20260820060614-054a0d552eff/go.mod h1:pjoJ1ytxef54ZKrOG/N8NsfriO4ZIwyadx3fnGb1Llw=
github.com/the-loon-clan/loon v0.0.0-20260820155152-98b00b9b94ad h1:D/8wVstCnaUok8eFIdYXOcDVyQ7En59iFLZxZDysfGQ=
github.com/the-loon-clan/loon v0.0.0-20260820155152-98b00b9b94ad/go.mod h1:pjoJ1ytxef54ZKrOG/N8NsfriO4ZIwyadx3fnGb1Llw=
github.com/the-loon-clan/loon v0.0.0-20260820155428-a31796c9c621 h1:FkLG7a3RCMVMglEv+kJEvUrL1uApiYi/BHFueksybmA=
github.com/the-loon-clan/loon v0.0.0-20260820155428-a31796c9c621/go.mod h1:pjoJ1ytxef54ZKrOG/N8NsfriO4ZIwyadx3fnGb1Llw=
github.com/the-loon-clan/loon v0.0.0-20260820163625-1b8761de2977 h1:2Mcfknj/zzkaaXSFGAh38ghDm/w0VuhXqy0kgji3oNg=
github.com/the-loon-clan/loon v0.0.0-20260820163625-1b8761de2977/go.mod h1:pjoJ1ytxef54ZKrOG/N8NsfriO4ZIwyadx3fnGb1Llw=
github.com/the-loon-clan/loon v0.0.0-20260821001924-fce264faacd4 h1:QS6mIXEHI7TY6p1rbynO2y8v6d8uagvDlQacidgSmeo=
github.com/the-loon-clan/loon v0.0.0-20260821001924-fce264faacd4/go.mod h1:pjoJ1ytxef54ZKrOG/N8NsfriO4ZIwyadx3fnGb1Llw=
github.com/the-loon-clan/loon-baseline v0.0.0-20260725031118-59273104365c h1:/sp46pqgMTFiQW1C+rr+I4w3pMqBd/aUGA9czOWYzvw=
github.com/the-loon-clan/loon-baseline v0.0.0-20260725031118-59273104365c/go.mod h1:g/XTNVQuzMeEajZ069RcWrMpn1/N+10Lv1NsU4wIKis=
github.com/the-loon-clan/loon-baseline v0.0.0-20260816013418-9c1cb55f1410 h1:6IxF5Fi2iq8jBEJizVJnsGgqeWcgUQywayzcR8/r6CA=
github.com/the-loon-clan/loon-baseline v0.0.0-20260816013418-9c1cb55f1410/go.mod h1:g/XTNVQuzMeEajZ069RcWrMpn1/N+10Lv1NsU4wIKis=
github.com/the-loon-clan/loon-baseline v0.0.0-20260817084941-34a6e2db16d4 h1:7cXKe3Ue8LHvgvdyQJ1D1Lp46jlq0YwCQ06FSNbo+do=
github.com/the-loon-clan/loon-baseline v0.0.0-20260817084941-34a6e2db16d4/go.mod h1:g/XTNVQuzMeEajZ069RcWrMpn1/N+10Lv1NsU4wIKis=
github.com/the-loon-clan/loon-plugins v0.0.0-20260815084512-3a370239a23e h1:o9yTTvUyT6RMZBAVQ1slcTo1K9qDTzy1qTBcaw8udlc=
github.com/the-loon-clan/loon-plugins v0.0.0-20260815084512-3a370239a23e/go.mod h1:2pVfAzYp3LaJZAovYgUOM7oqltB7vfVjmptIRql/kw4=
github.com/the-loon-clan/loon-plugins v0.0.0-20260815194023-5cfe8da4569d h1:K3YCm69/zLC0Lqydq88eeMNCxRX3nIuXnhTtzK0IYhY=
github.com/the-loon-clan/loon-plugins v0.0.0-20260815194023-5cfe8da4569d/go.mod h1:2pVfAzYp3LaJZAovYgUOM7oqltB7vfVjmptIRql/kw4=
github.com/the-loon-clan/loon-plugins v0.0.0-20260816013040-414fad4b9421 h1:5NsSentzaHtF5ykmQNT7xroOwTJV50WMV5QAQIC4cMk=
github.com/the-loon-clan/loon-plugins v0.0.0-20260816013040-414fad4b9421/go.mod h1:2pVfAzYp3LaJZAovYgUOM7oqltB7vfVjmptIRql/kw4=
github.com/the-loon-clan/loon-plugins v0.0.0-20260816021032-169d0ed42251 h1:dIMj8CQT4Xq+dWPv9rCEoQrirwe8xSsgVAAWVOOM5W4=
github.com/the-loon-clan/loon-plugins v0.0.0-20260816021032-169d0ed42251/go.mod h1:2pVfAzYp3LaJZAovYgUOM7oqltB7vfVjmptIRql/kw4=
github.com/the-loon-clan/loon-plugins v0.0.0-20260816022903-4e8662777ec1 h1:cSF9p2b/+Sgk1xo02vSb2FgfC10nzRxR1kpm04szl2I=
github.com/the-loon-clan/loon-plugins v0.0.0-20260816022903-4e8662777ec1/go.mod h1:2pVfAzYp3LaJZAovYgUOM7oqltB7vfVjmptIRql/kw4=
github.com/the-loon-clan/loon-plugins v0.0.0-20260816023238-6d0f148ea600 h1:sXx0/G3aw0vJYWe3ZDE8dBuZsVyg81RQ33KNu5v3Kck=
github.com/the-loon-clan/loon-plugins v0.0.0-20260816023238-6d0f148ea600/go.mod h1:2pVfAzYp3LaJZAovYgUOM7oqltB7vfVjmptIRql/kw4=
github.com/the-loon-clan/loon-plugins v0.0.0-20260816062417-358f0cf0323b h1:D/4HJ8Xsw9jZHkNDUF1zOmBMy+yVk49VqO5GWdClCDk=
github.com/the-loon-clan/loon-plugins v0.0.0-20260816062417-358f0cf0323b/go.mod h1:2pVfAzYp3LaJZAovYgUOM7oqltB7vfVjmptIRql/kw4=
github.com/the-loon-clan/loon-plugins v0.0.0-20260816062827-402e8d4aa1fc h1:0PovqArodp1xWJ+Uc6a5b6500VHdW8vrs71qfo6ThUI=
github.com/the-loon-clan/loon-plugins v0.0.0-20260816062827-402e8d4aa1fc/go.mod h1:2pVfAzYp3LaJZAovYgUOM7oqltB7vfVjmptIRql/kw4=
github.com/the-loon-clan/loon-plugins v0.0.0-20260816073858-921f2633fec5 h1:Uw9XZnv8K6r5DyHymqna2K/DVrm4W87hRiV9p9HmlZI=
github.com/the-loon-clan/loon-plugins v0.0.0-20260816073858-921f2633fec5/go.mod h1:2pVfAzYp3LaJZAovYgUOM7oqltB7vfVjmptIRql/kw4=
github.com/the-loon-clan/loon-plugins v0.0.0-20260816074539-6c3c48ef062f h1:7Jtl2cAX1qQ7A1iwH1BlP4NLoxHrAL5KHc0wAVhkJ+Y=
github.com/the-loon-clan/loon-plugins v0.0.0-20260816074539-6c3c48ef062f/go.mod h1:2pVfAzYp3LaJZAovYgUOM7oqltB7vfVjmptIRql/kw4=
github.com/the-loon-clan/loon-plugins v0.0.0-20260816234030-a42b37db7cb3 h1:HnniXwX/dkErS8M6J96OWEO7apOtIIsRVxSZHthyfHs=
github.com/the-loon-clan/loon-plugins v0.0.0-20260816234030-a42b37db7cb3/go.mod h1:2pVfAzYp3LaJZAovYgUOM7oqltB7vfVjmptIRql/kw4=
github.com/the-loon-clan/loon-plugins v0.0.0-20260817012459-475e85751e71 h1:JZzpKHwhsXo/zwRVuCdyoBoC019Rjw0DZOUDeLpRt40=
github.com/the-loon-clan/loon-plugins v0.0.0-20260817012459-475e85751e71/go.mod h1:2pVfAzYp3LaJZAovYgUOM7oqltB7vfVjmptIRql/kw4=
github.com/the-loon-clan/loon-plugins v0.0.0-20260817012723-0e7ad1e7676f h1:NyYPa3f1bdCQmOu2ZzoEHGmJVv10VUxYBqLZUf7JT4w=
github.com/the-loon-clan/loon-plugins v0.0.0-20260817012723-0e7ad1e7676f/go.mod h1:2pVfAzYp3LaJZAovYgUOM7oqltB7vfVjmptIRql/kw4=
github.com/the-loon-clan/loon-plugins v0.0.0-20260817015541-2d8c3c117df0 h1:EOQnywWreX2ZsRJtdr1VbOaB7Vcuxbraqv8fu5Virv8=
github.com/the-loon-clan/loon-plugins v0.0.0-20260817015541-2d8c3c117df0/go.mod h1:2pVfAzYp3LaJZAovYgUOM7oqltB7vfVjmptIRql/kw4=
github.com/the-loon-clan/loon-plugins v0.0.0-20260817022609-1175eaffca1e h1:PaYRMVnWLQMqXmVJLkMMwQfPbzgbjdaKg9/JkA6s8qQ=
github.com/the-loon-clan/loon-plugins v0.0.0-20260817022609-1175eaffca1e/go.mod h1:2pVfAzYp3LaJZAovYgUOM7oqltB7vfVjmptIRql/kw4=
github.com/the-loon-clan/loon-plugins v0.0.0-20260817023300-a082dfc1ba72 h1:viD7aU0VxyCuNUiFQy7l7gfi7t7qaXKaiTf4H2+svDw=
github.com/the-loon-clan/loon-plugins v0.0.0-20260817023300-a082dfc1ba72/go.mod h1:2pVfAzYp3LaJZAovYgUOM7oqltB7vfVjmptIRql/kw4=
github.com/the-loon-clan/loon-plugins v0.0.0-20260817024050-70dc55a0d250 h1:PUTGIBjdJFZdt/lhS7hrEw+7laldFVfcUWAm8IgnUpQ=
github.com/the-loon-clan/loon-plugins v0.0.0-20260817024050-70dc55a0d250/go.mod h1:2pVfAzYp3LaJZAovYgUOM7oqltB7vfVjmptIRql/kw4=
github.com/the-loon-clan/loon-plugins v0.0.0-20260817032612-29da07f067fa h1:CBWDWXW3YDucJHd+5h6/ThLq/F+TFF0bapA7Ogx6g/s=
github.com/the-loon-clan/loon-plugins v0.0.0-20260817032612-29da07f067fa/go.mod h1:2pVfAzYp3LaJZAovYgUOM7oqltB7vfVjmptIRql/kw4=
github.com/the-loon-clan/loon-plugins v0.0.0-20260817032923-49c016ff4ad6 h1:QAQdyxFsxmA5yXeXHrfggPXNZFbpQoPScjPybSHS+ew=
github.com/the-loon-clan/loon-plugins v0.0.0-20260817032923-49c016ff4ad6/go.mod h1:2pVfAzYp3LaJZAovYgUOM7oqltB7vfVjmptIRql/kw4=
github.com/the-loon-clan/loon-plugins v0.0.0-20260817033214-6d7328648c06 h1:/3YdNrE6QrLAIHhUMmrskWqnUqlqUhJOTJ3WBHBgQ3o=
github.com/the-loon-clan/loon-plugins v0.0.0-20260817033214-6d7328648c06/go.mod h1:2pVfAzYp3LaJZAovYgUOM7oqltB7vfVjmptIRql/kw4=
github.com/the-loon-clan/loon-plugins v0.0.0-20260817042142-9a0e52b2f3a4 h1:dlolAbixS0y419YckghqcUGVhvYZUfOlGmXvzSZiRcc=
github.com/the-loon-clan/loon-plugins v0.0.0-20260817042142-9a0e52b2f3a4/go.mod h1:2pVfAzYp3LaJZAovYgUOM7oqltB7vfVjmptIRql/kw4=
github.com/the-loon-clan/loon-plugins v0.0.0-20260817044251-6bc95b94550c h1:lmD1r1U8k+5zJ40W7FdtdtUDG4jDimCyltCLtRvDpbc=
github.com/the-loon-clan/loon-plugins v0.0.0-20260817044251-6bc95b94550c/go.mod h1:4y2woCNk5WkB1tSk90x3EMtmRktCfbNtp6PvtoPvu2Y=
github.com/the-loon-clan/loon-plugins v0.0.0-20260817050311-f5a88bdf30c2 h1:2YIAcFKC1+0LxajiGYSl2x+WkIEIFaQvyaEECsyXrx4=
github.com/the-loon-clan/loon-plugins v0.0.0-20260817050311-f5a88bdf30c2/go.mod h1:4y2woCNk5WkB1tSk90x3EMtmRktCfbNtp6PvtoPvu2Y=
github.com/the-loon-clan/loon-plugins v0.0.0-20260817053433-7af1309d0554 h1:jGyq1SxKmzm6TfBtDHx1NbK29DfZTmt09Al3w2xmJjQ=
github.com/the-loon-clan/loon-plugins v0.0.0-20260817053433-7af1309d0554/go.mod h1:4y2woCNk5WkB1tSk90x3EMtmRktCfbNtp6PvtoPvu2Y=
github.com/the-loon-clan/loon-plugins v0.0.0-20260817054555-31e3ccd0cd20 h1:GSrSg/2sOKZ1RITKRbscCAmVWTKRJ8XjL2A7s+UAjq8=
github.com/the-loon-clan/loon-plugins v0.0.0-20260817054555-31e3ccd0cd20/go.mod h1:4y2woCNk5WkB1tSk90x3EMtmRktCfbNtp6PvtoPvu2Y=
github.com/the-loon-clan/loon-plugins v0.0.0-20260817063359-8f1cd3c7a278 h1:sBwj7Pm+B4pXeQuu8/g2hxGcjf25t+ED1DDOkgWhLvY=
github.com/the-loon-clan/loon-plugins v0.0.0-20260817063359-8f1cd3c7a278/go.mod h1:4y2woCNk5WkB1tSk90x3EMtmRktCfbNtp6PvtoPvu2Y=
github.com/the-loon-clan/loon-plugins v0.0.0-20260817064454-487083f460ce h1:Xf9u62JVQDJFr34YyDYhJHjZ5AfDGuDwu/LEhgmzcWc=
github.com/the-loon-clan/loon-plugins v0.0.0-20260817064454-487083f460ce/go.mod h1:4y2woCNk5WkB1tSk90x3EMtmRktCfbNtp6PvtoPvu2Y=
github.com/the-loon-clan/loon-plugins v0.0.0-20260817080300-9d7ac470fa0b h1:ZznUZxVFleoe0/3M9UrH0+/dNQnrah7jQkYYvJfU8Ow=
github.com/the-loon-clan/loon-plugins v0.0.0-20260817080300-9d7ac470fa0b/go.mod h1:4y2woCNk5WkB1tSk90x3EMtmRktCfbNtp6PvtoPvu2Y=
github.com/the-loon-clan/loon-plugins v0.0.0-20260817224636-db9191a16033 h1:oWKj68+OazWA2+mi2QQ0dH+fQg0Vs15qhMBkZPMAxF8=
github.com/the-loon-clan/loon-plugins v0.0.0-20260817224636-db9191a16033/go.mod h1:4y2woCNk5WkB1tSk90x3EMtmRktCfbNtp6PvtoPvu2Y=
github.com/the-loon-clan/loon-plugins v0.0.0-20260817225003-80ce08df854a h1:uE0aT9AMaIzY6H3kY/3msBSY+bWYl2LZWfoi7EuGVTA=
github.com/the-loon-clan/loon-plugins v0.0.0-20260817225003-80ce08df854a/go.mod h1:4y2woCNk5WkB1tSk90x3EMtmRktCfbNtp6PvtoPvu2Y=
github.com/the-loon-clan/loon-plugins v0.0.0-20260817225239-8f777aa14894 h1:umGVS9N/NKSClVjJDRdtElQ+nPxJ7Por2MVRctG9pK8=
github.com/the-loon-clan/loon-plugins v0.0.0-20260817225239-8f777aa14894/go.mod h1:4y2woCNk5WkB1tSk90x3EMtmRktCfbNtp6PvtoPvu2Y=
github.com/the-loon-clan/loon-plugins v0.0.0-20260817225742-7bc67b8ec04f h1:totIMIZDegzIXxau+BfKHND+7EvPS+xbAnDE045HF3g=
github.com/the-loon-clan/loon-plugins v0.0.0-20260817225742-7bc67b8ec04f/go.mod h1:4y2woCNk5WkB1tSk90x3EMtmRktCfbNtp6PvtoPvu2Y=
github.com/the-loon-clan/loon-plugins v0.0.0-20260817233149-4881026fbc9c h1:8R1eqKz99qEYYgzV8hUSQIssq4G22AHYJrXkh0X7q2Y=
github.com/the-loon-clan/loon-plugins v0.0.0-20260817233149-4881026fbc9c/go.mod h1:4y2woCNk5WkB1tSk90x3EMtmRktCfbNtp6PvtoPvu2Y=
github.com/the-loon-clan/loon-plugins v0.0.0-20260817234412-9f9324557abe h1:4+oSZOO5SFGIZGYZ1ZGCuU7XjCm+eYh4Lc9bme4r2FQ=
github.com/the-loon-clan/loon-plugins v0.0.0-20260817234412-9f9324557abe/go.mod h1:4y2woCNk5WkB1tSk90x3EMtmRktCfbNtp6PvtoPvu2Y=
github.com/the-loon-clan/loon-plugins v0.0.0-20260818000124-fc06020f8ced h1:8NXm1+gDDvoXYIYRBFHvhpEcjeYw3z6y07RdvvgJ/7M=
github.com/the-loon-clan/loon-plugins v0.0.0-20260818000124-fc06020f8ced/go.mod h1:4y2woCNk5WkB1tSk90x3EMtmRktCfbNtp6PvtoPvu2Y=
github.com/the-loon-clan/loon-plugins v0.0.0-20260818000605-bd5abe72c1b1 h1:xpmAsqAQCMGIswaxDJFktcQ+eWb3N3UX7KBFHqiOHbY=
github.com/the-loon-clan/loon-plugins v0.0.0-20260818000605-bd5abe72c1b1/go.mod h1:4y2woCNk5WkB1tSk90x3EMtmRktCfbNtp6PvtoPvu2Y=
github.com/the-loon-clan/loon-plugins v0.0.0-20260818003259-185db57b2321 h1:Svoevj0HrOmi9NZxLKGndN8S3FyjjVtKkRaWveeX+Pg=
github.com/the-loon-clan/loon-plugins v0.0.0-20260818003259-185db57b2321/go.mod h1:4y2woCNk5WkB1tSk90x3EMtmRktCfbNtp6PvtoPvu2Y=
github.com/the-loon-clan/loon-plugins v0.0.0-20260818004447-bd250be2327f h1:8YcLyFp5Zo4dy3mGwPH8Qq4HHArTDTYuLF9l/rSqTFY=
github.com/the-loon-clan/loon-plugins v0.0.0-20260818004447-bd250be2327f/go.mod h1:4y2woCNk5WkB1tSk90x3EMtmRktCfbNtp6PvtoPvu2Y=
github.com/the-loon-clan/loon-plugins v0.0.0-20260818011937-ab204d0512d2 h1:hGgKMfN8GgXX5Jh8h0Trn3tRQ/wr96ARMuuhyq47GXg=
github.com/the-loon-clan/loon-plugins v0.0.0-20260818011937-ab204d0512d2/go.mod h1:4y2woCNk5WkB1tSk90x3EMtmRktCfbNtp6PvtoPvu2Y=
github.com/the-loon-clan/loon-plugins v0.0.0-20260818012529-5983033d9561 h1:/rNfKyTgbGa6Vyj0b61wMc0ZnvZTsBa5jM0HDFpkKzI=
github.com/the-loon-clan/loon-plugins v0.0.0-20260818012529-5983033d9561/go.mod h1:4y2woCNk5WkB1tSk90x3EMtmRktCfbNtp6PvtoPvu2Y=
github.com/the-loon-clan/loon-plugins v0.0.0-20260818021342-de5b0115038d h1:g6ruPZEhFFvGJP7FnuuyI9F/EOer1blMowW1mkvqKrs=
github.com/the-loon-clan/loon-plugins v0.0.0-20260818021342-de5b0115038d/go.mod h1:4y2woCNk5WkB1tSk90x3EMtmRktCfbNtp6PvtoPvu2Y=
github.com/the-loon-clan/loon-plugins v0.0.0-20260818030321-4d7b7aa7964f h1:cjwIZIJQEjK+VICeq+PR33A7724OGXsTlUl2m6khRbY=
github.com/the-loon-clan/loon-plugins v0.0.0-20260818030321-4d7b7aa7964f/go.mod h1:4y2woCNk5WkB1tSk90x3EMtmRktCfbNtp6PvtoPvu2Y=
github.com/the-loon-clan/loon-plugins v0.0.0-20260818030954-77ceef4f286f h1:zgyPBuu1yOFI2geoqaQLf6ih+/dOsfpmv9r1LfBbCAw=
github.com/the-loon-clan/loon-plugins v0.0.0-20260818030954-77ceef4f286f/go.mod h1:4y2woCNk5WkB1tSk90x3EMtmRktCfbNtp6PvtoPvu2Y=
github.com/the-loon-clan/loon-plugins v0.0.0-20260818040329-8f55e229d816 h1:aoyqkL7mP42BCsE6r3/cZ2F2fvE0zYcW2RjUonJ02BA=
github.com/the-loon-clan/loon-plugins v0.0.0-20260818040329-8f55e229d816/go.mod h1:4y2woCNk5WkB1tSk90x3EMtmRktCfbNtp6PvtoPvu2Y=
github.com/the-loon-clan/loon-plugins v0.0.0-20260818044303-8c6d37b05d53 h1:+j9uydLVt1wtXktwZoz+CU3EydmKtalthljf8tJV8JY=
github.com/the-loon-clan/loon-plugins v0.0.0-20260818044303-8c6d37b05d53/go.mod h1:4y2woCNk5WkB1tSk90x3EMtmRktCfbNtp6PvtoPvu2Y=
github.com/the-loon-clan/loon-plugins v0.0.0-20260818044536-b1a84693140a h1:+A3v66PEm4+6YhDyRwW7pVnO5Dz/yOrQdL7QK/Ly8Vk=
github.com/the-loon-clan/loon-plugins v0.0.0-20260818044536-b1a84693140a/go.mod h1:4y2woCNk5WkB1tSk90x3EMtmRktCfbNtp6PvtoPvu2Y=
github.com/the-loon-clan/loon-plugins v0.0.0-20260818044813-bcd31d7df12f h1:fHYN4FaQZYb0BnkBOZ694Ys3y+OUsCW+LddzKOoaBFE=
github.com/the-loon-clan/loon-plugins v0.0.0-20260818044813-bcd31d7df12f/go.mod h1:4y2woCNk5WkB1tSk90x3EMtmRktCfbNtp6PvtoPvu2Y=
github.com/the-loon-clan/loon-plugins v0.0.0-20260818071053-73a1114a7652 h1:HQv/fks/30+wvZNEpxFvzDNW1dBrVlRYnzhMpRlRjDM=
github.com/the-loon-clan/loon-plugins v0.0.0-20260818071053-73a1114a7652/go.mod h1:4y2woCNk5WkB1tSk90x3EMtmRktCfbNtp6PvtoPvu2Y=
github.com/the-loon-clan/loon-plugins v0.0.0-20260818072031-019f78512a6d h1:ianH4O5uK5osCczdI0Ob/k8pRUAEd010E1sV4ddEPM8=
github.com/the-loon-clan/loon-plugins v0.0.0-20260818072031-019f78512a6d/go.mod h1:4y2woCNk5WkB1tSk90x3EMtmRktCfbNtp6PvtoPvu2Y=
github.com/the-loon-clan/loon-plugins v0.0.0-20260818084344-6565f4a6e424 h1:Awvi8LXcCAWFkuc4e1hOzL4dYPczb7aC5j/xjhZWw7M=
github.com/the-loon-clan/loon-plugins v0.0.0-20260818084344-6565f4a6e424/go.mod h1:4y2woCNk5WkB1tSk90x3EMtmRktCfbNtp6PvtoPvu2Y=
github.com/the-loon-clan/loon-plugins v0.0.0-20260818084851-028dcb986e1c h1:s3zIwBGTUPaTDzgpoUyBJQom6+LKNTYtvZTxLJEVLRU=
github.com/the-loon-clan/loon-plugins v0.0.0-20260818084851-028dcb986e1c/go.mod h1:4y2woCNk5WkB1tSk90x3EMtmRktCfbNtp6PvtoPvu2Y=
github.com/the-loon-clan/loon-plugins v0.0.0-20260818090358-6a285ca07bdd h1:9WhHTdRnsRrtKFFVQmCQPJ+2sHC0JM5/oc93JPHjsrM=
github.com/the-loon-clan/loon-plugins v0.0.0-20260818090358-6a285ca07bdd/go.mod h1:4y2woCNk5WkB1tSk90x3EMtmRktCfbNtp6PvtoPvu2Y=
github.com/the-loon-clan/loon-plugins v0.0.0-20260818092419-b1c544ab875d h1:VqGZvp1fY7Q2kKFE5W8PfaUz0WNgryPbbr1CgrHkKWY=
github.com/the-loon-clan/loon-plugins v0.0.0-20260818092419-b1c544ab875d/go.mod h1:4y2woCNk5WkB1tSk90x3EMtmRktCfbNtp6PvtoPvu2Y=
github.com/the-loon-clan/loon-plugins v0.0.0-20260818092644-0640e0cd923c h1:qdR9HlFFq+WlzjoKlr8ni7wxIKjKD6nL0hlddSmCk24=
github.com/the-loon-clan/loon-plugins v0.0.0-20260818092644-0640e0cd923c/go.mod h1:4y2woCNk5WkB1tSk90x3EMtmRktCfbNtp6PvtoPvu2Y=
github.com/the-loon-clan/loon-plugins v0.0.0-20260818204545-cbd6c54afc0f h1:cj6BAl/1cPQUwCXVg5A+37Zl5QwVq/3fjZtxstkkH+Y=
github.com/the-loon-clan/loon-plugins v0.0.0-20260818204545-cbd6c54afc0f/go.mod h1:4y2woCNk5WkB1tSk90x3EMtmRktCfbNtp6PvtoPvu2Y=
github.com/the-loon-clan/loon-plugins v0.0.0-20260818205653-d3c01369042d h1:QzGO+ggkswHw8B5t+oNpOIOTMUWjhPvKP8lBp/raChI=
github.com/the-loon-clan/loon-plugins v0.0.0-20260818205653-d3c01369042d/go.mod h1:4y2woCNk5WkB1tSk90x3EMtmRktCfbNtp6PvtoPvu2Y=
github.com/the-loon-clan/loon-plugins v0.0.0-20260818230349-c7a1f5c4b55a h1:3xeqtWDnbepR3Rp08QW+IUgSXiwcDfdxQtRsmFFMprs=
github.com/the-loon-clan/loon-plugins v0.0.0-20260818230349-c7a1f5c4b55a/go.mod h1:4y2woCNk5WkB1tSk90x3EMtmRktCfbNtp6PvtoPvu2Y=
github.com/the-loon-clan/loon-plugins v0.0.0-20260818231713-e7117dd285e8 h1:npwK+xvHeMHdZXsKL5deGDYUVBP0RWgp0eK/23Vid/8=
github.com/the-loon-clan/loon-plugins v0.0.0-20260818231713-e7117dd285e8/go.mod h1:4y2woCNk5WkB1tSk90x3EMtmRktCfbNtp6PvtoPvu2Y=
github.com/the-loon-clan/loon-plugins v0.0.0-20260818233110-f00b39af1f0c h1:ID6sNEnM0im8QJOvkuOQLzl+IZNPHjl+6kTbc6I7moY=
github.com/the-loon-clan/loon-plugins v0.0.0-20260818233110-f00b39af1f0c/go.mod h1:4y2woCNk5WkB1tSk90x3EMtmRktCfbNtp6PvtoPvu2Y=
github.com/the-loon-clan/loon-plugins v0.0.0-20260818233538-aea3463a7a86 h1:gt0n5yyY84n5b1zkbA+aoSReL3VWbcJOZ/qmdnK3XrY=
github.com/the-loon-clan/loon-plugins v0.0.0-20260818233538-aea3463a7a86/go.mod h1:4y2woCNk5WkB1tSk90x3EMtmRktCfbNtp6PvtoPvu2Y=
github.com/the-loon-clan/loon-plugins v0.0.0-20260818234311-b332d6c9a3bb h1:UPU4H8VfEoUT+/bOVMLMDOODH+MIVoivpyMNlUUlWO0=
github.com/the-loon-clan/loon-plugins v0.0.0-20260818234311-b332d6c9a3bb/go.mod h1:4y2woCNk5WkB1tSk90x3EMtmRktCfbNtp6PvtoPvu2Y=
github.com/the-loon-clan/loon-plugins v0.0.0-20260819000502-5dc2aadea63a h1:7GewRDH/UTXLEt8qQdgdYrEU8kLAZrC6t7nf46jt2mw=
github.com/the-loon-clan/loon-plugins v0.0.0-20260819000502-5dc2aadea63a/go.mod h1:4y2woCNk5WkB1tSk90x3EMtmRktCfbNtp6PvtoPvu2Y=
github.com/the-loon-clan/loon-plugins v0.0.0-20260819001358-5bee1850a054 h1:MAChNddCwoePxKvUr9RcnhJqZ20onqav1xxeq7SjxGM=
github.com/the-loon-clan/loon-plugins v0.0.0-20260819001358-5bee1850a054/go.mod h1:4y2woCNk5WkB1tSk90x3EMtmRktCfbNtp6PvtoPvu2Y=
github.com/the-loon-clan/loon-plugins v0.0.0-20260819033610-aa9e2e62a7a4 h1:oi1SmB845g/vW8T3DYSWIBohuUfrlTGKH+yYpenxr5o=
github.com/the-loon-clan/loon-plugins v0.0.0-20260819033610-aa9e2e62a7a4/go.mod h1:4y2woCNk5WkB1tSk90x3EMtmRktCfbNtp6PvtoPvu2Y=
github.com/the-loon-clan/loon-plugins v0.0.0-20260819034552-1b2e7220422e h1:4WKtRZWZvfNZTOqzCGib+OdFZ99biLE/kVO2RbmCAhQ=
github.com/the-loon-clan/loon-plugins v0.0.0-20260819034552-1b2e7220422e/go.mod h1:4y2woCNk5WkB1tSk90x3EMtmRktCfbNtp6PvtoPvu2Y=
github.com/the-loon-clan/loon-plugins v0.0.0-20260819235449-c6697d890d00 h1:BPVY7wUgQE+XOfdCYsZyLBB8X24I07+sNTS+aCqVtjw=
github.com/the-loon-clan/loon-plugins v0.0.0-20260819235449-c6697d890d00/go.mod h1:4y2woCNk5WkB1tSk90x3EMtmRktCfbNtp6PvtoPvu2Y=
github.com/the-loon-clan/loon-plugins v0.0.0-20260820000205-5e9100c31892 h1:MGP62g+NA9gVY7ASDaZcNhKApTPqq3LtMhuXBI3Sg38=
github.com/the-loon-clan/loon-plugins v0.0.0-20260820000205-5e9100c31892/go.mod h1:4y2woCNk5WkB1tSk90x3EMtmRktCfbNtp6PvtoPvu2Y=
github.com/the-loon-clan/loon-plugins v0.0.0-20260820000547-c5f5f6724e27 h1:VXyE/vaGUTYHye3cpOyf5yhahOivXnowN9EgBgSj+iM=
github.com/the-loon-clan/loon-plugins v0.0.0-20260820000547-c5f5f6724e27/go.mod h1:4y2woCNk5WkB1tSk90x3EMtmRktCfbNtp6PvtoPvu2Y=
github.com/the-loon-clan/loon-plugins v0.0.0-20260820000904-7ce23e1108e9 h1:DvjcVx+pKAgTy0Ov0E1bPaBIHR5QGLseutMGTNO8rhg=
github.com/the-loon-clan/loon-plugins v0.0.0-20260820000904-7ce23e1108e9/go.mod h1:4y2woCNk5WkB1tSk90x3EMtmRktCfbNtp6PvtoPvu2Y=
github.com/the-loon-clan/loon-plugins v0.0.0-20260820002904-2fc194e11893 h1:0a0SSF05a1MgojOqLBZDvEG+aPrUEvmlZMKKGs1+pio=
github.com/the-loon-clan/loon-plugins v0.0.0-20260820002904-2fc194e11893/go.mod h1:4y2woCNk5WkB1tSk90x3EMtmRktCfbNtp6PvtoPvu2Y=
github.com/the-loon-clan/loon-plugins v0.0.0-20260820003506-07a57b4d2a77 h1:1bO9PivpH2I4epjEQtg9XVymB8hht8KV301zNBmoPXc=
github.com/the-loon-clan/loon-plugins v0.0.0-20260820003506-07a57b4d2a77/go.mod h1:4y2woCNk5WkB1tSk90x3EMtmRktCfbNtp6PvtoPvu2Y=
github.com/the-loon-clan/loon-plugins v0.0.0-20260820005341-1d9b2dfb03ab h1:OVcqMecWdXMrrGYWShj384BmmqFiDkou/Pr3alIGhng=
github.com/the-loon-clan/loon-plugins v0.0.0-20260820005341-1d9b2dfb03ab/go.mod h1:4y2woCNk5WkB1tSk90x3EMtmRktCfbNtp6PvtoPvu2Y=
github.com/the-loon-clan/loon-plugins v0.0.0-20260820015331-245da9ab3c76 h1:Wj/8AkbEFKw0hhdM+xO1MEE3kpSiJbNd8rO6kWXugJA=
github.com/the-loon-clan/loon-plugins v0.0.0-20260820015331-245da9ab3c76/go.mod h1:4y2woCNk5WkB1tSk90x3EMtmRktCfbNtp6PvtoPvu2Y=
github.com/the-loon-clan/loon-plugins v0.0.0-20260820015906-bfea6d303668 h1:tSEf5FEFfvCK+0qEUGnUzOJT+afJZibc+OjhgNBY3QM=
github.com/the-loon-clan/loon-plugins v0.0.0-20260820015906-bfea6d303668/go.mod h1:4y2woCNk5WkB1tSk90x3EMtmRktCfbNtp6PvtoPvu2Y=
github.com/the-loon-clan/loon-plugins v0.0.0-20260820020208-ee2b222daf93 h1:m9YjGDGbV7uufgnXnEhrnddw6DzrXggrJbQ5NHhUBSw=
github.com/the-loon-clan/loon-plugins v0.0.0-20260820020208-ee2b222daf93/go.mod h1:4y2woCNk5WkB1tSk90x3EMtmRktCfbNtp6PvtoPvu2Y=
github.com/the-loon-clan/loon-plugins v0.0.0-20260820020517-90af3616a0ad h1:i3RLdMOTqnBsEL+mSF+aPXTIZbGmyyGe+QNHAdqbjL4=
github.com/the-loon-clan/loon-plugins v0.0.0-20260820020517-90af3616a0ad/go.mod h1:4y2woCNk5WkB1tSk90x3EMtmRktCfbNtp6PvtoPvu2Y=
github.com/the-loon-clan/loon-plugins v0.0.0-20260820021013-f6ea69627c5f h1:Hi8/35TpzgMt7jwMrBI8SunoTTKZ1KYqab5B4G4XXXY=
github.com/the-loon-clan/loon-plugins v0.0.0-20260820021013-f6ea69627c5f/go.mod h1:4y2woCNk5WkB1tSk90x3EMtmRktCfbNtp6PvtoPvu2Y=
github.com/the-loon-clan/loon-plugins v0.0.0-20260820023356-539f12ef80dd h1:V/NGmYBbGHdC9yuoFlD1VJtmsgw6Po83sz0+uJblm5o=
github.com/the-loon-clan/loon-plugins v0.0.0-20260820023356-539f12ef80dd/go.mod h1:4y2woCNk5WkB1tSk90x3EMtmRktCfbNtp6PvtoPvu2Y=
github.com/the-loon-clan/loon-plugins v0.0.0-20260820023554-83794e1b321f h1:nUeWfe8aRshj973N3K705dufelJ8yjWMBZeQCsEu9qg=
github.com/the-loon-clan/loon-plugins v0.0.0-20260820023554-83794e1b321f/go.mod h1:4y2woCNk5WkB1tSk90x3EMtmRktCfbNtp6PvtoPvu2Y=
github.com/the-loon-clan/loon-plugins v0.0.0-20260820024245-2c88d5289f14 h1:i6RUhW9AwE1iZdBff3StCg5cuQdDboUihdss2ncTsXo=
github.com/the-loon-clan/loon-plugins v0.0.0-20260820024245-2c88d5289f14/go.mod h1:4y2woCNk5WkB1tSk90x3EMtmRktCfbNtp6PvtoPvu2Y=
github.com/the-loon-clan/loon-plugins v0.0.0-20260820033824-3fb06d40bea3 h1:0dcV/0cg6xjJArJ82AykusAOdsOBkz69On0lsxEA8Yg=
github.com/the-loon-clan/loon-plugins v0.0.0-20260820033824-3fb06d40bea3/go.mod h1:4y2woCNk5WkB1tSk90x3EMtmRktCfbNtp6PvtoPvu2Y=
github.com/the-loon-clan/loon-plugins v0.0.0-20260820034428-23ae142996d7 h1:EJEzzeeL4NdJRXtMtuuYKJLCyLxr6+z9XgT7xrJqzGg=
github.com/the-loon-clan/loon-plugins v0.0.0-20260820034428-23ae142996d7/go.mod h1:4y2woCNk5WkB1tSk90x3EMtmRktCfbNtp6PvtoPvu2Y=
github.com/the-loon-clan/loon-plugins v0.0.0-20260820034818-231b7a5631ad h1:4ixNRNRrP0hoY9/PeQy2TmlaFFB2YLZM5WlTV8OiFuM=
github.com/the-loon-clan/loon-plugins v0.0.0-20260820034818-231b7a5631ad/go.mod h1:4y2woCNk5WkB1tSk90x3EMtmRktCfbNtp6PvtoPvu2Y=
github.com/the-loon-clan/loon-plugins v0.0.0-20260820040240-643b86521de6 h1:LLwMvIroLpIXk3lrlEXxney1TGO+p4nYQg2rPhLC+9M=
github.com/the-loon-clan/loon-plugins v0.0.0-20260820040240-643b86521de6/go.mod h1:4y2woCNk5WkB1tSk90x3EMtmRktCfbNtp6PvtoPvu2Y=
github.com/the-loon-clan/loon-plugins v0.0.0-20260820045634-f9f63cbcb45b h1:orRakBdcQvaFvX1oRGeTm04vVPFkrNlC7S5kGn6gERw=
github.com/the-loon-clan/loon-plugins v0.0.0-20260820045634-f9f63cbcb45b/go.mod h1:4y2woCNk5WkB1tSk90x3EMtmRktCfbNtp6PvtoPvu2Y=
github.com/the-loon-clan/loon-plugins v0.0.0-20260820060421-b31caddcf844 h1:ZFf64UNI8khn0yRH35CRBuZe+nZKYbcHeE5PZtB1DiA=
github.com/the-loon-clan/loon-plugins v0.0.0-20260820060421-b31caddcf844/go.mod h1:4y2woCNk5WkB1tSk90x3EMtmRktCfbNtp6PvtoPvu2Y=
github.com/the-loon-clan/loon-plugins v0.0.0-20260820155711-244a58d4b65f h1:0/4KZbWq/f9erMNkmG/ND4r1kZt9hMv4CrE022igI6g=
github.com/the-loon-clan/loon-plugins v0.0.0-20260820155711-244a58d4b65f/go.mod h1:4y2woCNk5WkB1tSk90x3EMtmRktCfbNtp6PvtoPvu2Y=
github.com/the-loon-clan/loon-plugins v0.0.0-20260820164030-de5d80ae2fea h1:BUHves3wseCvdVXgcfXAw+b1SKfaqZuVL50Dyhhuxy8=
github.com/the-loon-clan/loon-plugins v0.0.0-20260820164030-de5d80ae2fea/go.mod h1:4y2woCNk5WkB1tSk90x3EMtmRktCfbNtp6PvtoPvu2Y=
github.com/the-loon-clan/loon-plugins v0.0.0-20260820165301-633e4b14dea7 h1:OgAGIipO8Uvc7qBMLFVqDaprcuqilP/HZUgUEFqJ+4k=
github.com/the-loon-clan/loon-plugins v0.0.0-20260820165301-633e4b14dea7/go.mod h1:4y2woCNk5WkB1tSk90x3EMtmRktCfbNtp6PvtoPvu2Y=
github.com/the-loon-clan/loon-plugins v0.0.0-20260820171925-a37c34fe8f02 h1:OzNTSgzaoHg/krpP+Il3oq66bjeFwbbxC9LdA/EfrKs=
github.com/the-loon-clan/loon-plugins v0.0.0-20260820171925-a37c34fe8f02/go.mod h1:4y2woCNk5WkB1tSk90x3EMtmRktCfbNtp6PvtoPvu2Y=
github.com/the-loon-clan/loon-plugins v0.0.0-20260820172215-448ff85fbce6 h1:TWD8hYBBVMLrRK9mpq/0lO0vdMQMqhbQoaaIBz0geDw=
github.com/the-loon-clan/loon-plugins v0.0.0-20260820172215-448ff85fbce6/go.mod h1:4y2woCNk5WkB1tSk90x3EMtmRktCfbNtp6PvtoPvu2Y=
github.com/the-loon-clan/loon-plugins v0.0.0-20260820185756-2c43dec0746a h1:WgWrGoPVBL2ftBdVFqzCh6PCDwrd4fSwqXeYi5YNPTI=
github.com/the-loon-clan/loon-plugins v0.0.0-20260820185756-2c43dec0746a/go.mod h1:4y2woCNk5WkB1tSk90x3EMtmRktCfbNtp6PvtoPvu2Y=
github.com/the-loon-clan/loon-plugins v0.0.0-20260820190253-b469ed46e415 h1:YFzG6K1W98W6aRqqXt933CQBMAwo4/MbEyy+cwqCNHU=
github.com/the-loon-clan/loon-plugins v0.0.0-20260820190253-b469ed46e415/go.mod h1:4y2woCNk5WkB1tSk90x3EMtmRktCfbNtp6PvtoPvu2Y=
github.com/the-loon-clan/loon-plugins v0.0.0-20260820221625-8c81d8998a48 h1:OWUd6iVbM0bnrU0gx9zBOByqXwHYMH6GnLkxVdPqSaQ=
github.com/the-loon-clan/loon-plugins v0.0.0-20260820221625-8c81d8998a48/go.mod h1:4y2woCNk5WkB1tSk90x3EMtmRktCfbNtp6PvtoPvu2Y=
github.com/the-loon-clan/loon-plugins v0.0.0-20260820235956-e91e53a86d25 h1:IJsGTXqMA0nz83ZOycTsU06jxyJRsN22qfxqQcBd4Po=
github.com/the-loon-clan/loon-plugins v0.0.0-20260820235956-e91e53a86d25/go.mod h1:4y2woCNk5WkB1tSk90x3EMtmRktCfbNtp6PvtoPvu2Y=
github.com/twitchyliquid64/golang-asm v0.15.1 h1:SU5vSMR7hnwNxj24w34ZyCi/FmDZTkS4MhqMhdFk5YI=
github.com/twitchyliquid64/golang-asm v0.15.1/go.mod h1:a1lVb/DtPvCB8fslRZhAngC2+aY1QWCk3Cedj/Gdt08=
github.com/ugorji/go/codec v1.3.1 h1:waO7eEiFDwidsBN6agj1vJQ4AG7lh2yqXyOXqhgQuyY=
github.com/ugorji/go/codec v1.3.1/go.mod h1:pRBVtBSKl77K30Bv8R2P+cLSGaTtex6fsA2Wjqmfxj4=
github.com/yuin/goldmark v1.8.5 h1:r6N5afV5qj/5S4UTch8agZHJ8UxNCMwX7WjkkJam2NA=
github.com/yuin/goldmark v1.8.5/go.mod h1:ip/1k0VRfGynBgxOz0yCqHrbZXhcjxyuS66Brc7iBKg=
github.com/zeebo/xxh3 v1.1.0 h1:s7DLGDK45Dyfg7++yxI0khrfwq9661w9EN78eP/UZVs=
github.com/zeebo/xxh3 v1.1.0/go.mod h1:IisAie1LELR4xhVinxWS5+zf1lA4p0MW4T+w+W07F5s=
go.mongodb.org/mongo-driver/v2 v2.5.0 h1:yXUhImUjjAInNcpTcAlPHiT7bIXhshCTL3jVBkF3xaE=
go.mongodb.org/mongo-driver/v2 v2.5.0/go.mod h1:yOI9kBsufol30iFsl1slpdq1I0eHPzybRWdyYUs8K/0=
go.uber.org/atomic v1.11.0 h1:ZvwS0R+56ePWxUNi+Atn9dWONBPp/AUETXlHW0DxSjE=
go.uber.org/atomic v1.11.0/go.mod h1:LUxbIzbOniOlMKjJjyPfpl4v+PKK2cNJn91OQbhoJI0=
go.uber.org/mock v0.6.0 h1:hyF9dfmbgIX5EfOdasqLsWD6xqpNZlXblLB/Dbnwv3Y=
go.uber.org/mock v0.6.0/go.mod h1:KiVJ4BqZJaMj4svdfmHM0AUx4NJYO8ZNpPnZn1Z+BBU=
golang.org/x/arch v0.22.0 h1:c/Zle32i5ttqRXjdLyyHZESLD/bB90DCU1g9l/0YBDI=
golang.org/x/arch v0.22.0/go.mod h1:dNHoOeKiyja7GTvF9NJS1l3Z2yntpQNzgrjh1cU103A=
golang.org/x/crypto v0.51.0 h1:IBPXwPfKxY7cWQZ38ZCIRPI50YLeevDLlLnyC5wRGTI=
golang.org/x/crypto v0.51.0/go.mod h1:8AdwkbraGNABw2kOX6YFPs3WM22XqI4EXEd8g+x7Oc8=
golang.org/x/image v0.45.0 h1:FMb1nTbH5H9vF55SriQHgFw5GnNL9Jg6L25BwXKzhB0=
golang.org/x/image v0.45.0/go.mod h1:n62x/7RqlwXDvGsSU4u6IUTUf6KghUZ9Bt7cG/T9Fx4=
golang.org/x/net v0.55.0 h1:bcvxaJn3e1U6InsFWt1JUq1aSjnRxLzT2rtD2KfkDF8=
golang.org/x/net v0.55.0/go.mod h1:L5U2KuzuOe1lY7Z+aWVIKK6qEeJXnXV9yzGA+WCHJww=
golang.org/x/sys v0.6.0/go.mod h1:oPkhp1MJrh7nUepCBck5+mAzfO9JrbApNNgaTdGDITg=
golang.org/x/sys v0.47.0 h1:o7XGOvZQCADBQQ4Y7VNq2dRWQR7JmOUW8Kxx4ZsNgWs=
golang.org/x/sys v0.47.0/go.mod h1:4GL1E5IUh+htKOUEOaiffhrAeqysfVGipDYzABqnCmw=
golang.org/x/text v0.41.0 h1:vz/seA0lnX87Othu2f/0L24RcgrXD9/YFTSuGjj3rH8=
golang.org/x/text v0.41.0/go.mod h1:jvf1O8ajNzZqhSrQBPbutR/EB83Cc0CFrezNQIwbb5M=
google.golang.org/protobuf v1.36.10 h1:AYd7cD/uASjIL6Q9LiTjz8JLcrh/88q5UObnmY3aOOE=
google.golang.org/protobuf v1.36.10/go.mod h1:HTf+CrKn2C3g5S8VImy6tdcUvCska2kB7j23XfzDpco=
gopkg.in/check.v1 v0.0.0-20161208181325-20d25e280405/go.mod h1:Co6ibVJAznAaIkqp8huTwlJQCZ016jof/cbN4VW5Yz0=
gopkg.in/yaml.v3 v3.0.0-20200313102051-9f266ea9e77c/go.mod h1:K4uyk7z7BCEPqu6E+C64Yfv1cQ7kz7rIZviUmN+EgEM=
gopkg.in/yaml.v3 v3.0.1 h1:fxVm/GzAzEWqLHuvctI91KS9hhNmmWOoWu0XTYJS7CA=
gopkg.in/yaml.v3 v3.0.1/go.mod h1:K4uyk7z7BCEPqu6E+C64Yfv1cQ7kz7rIZviUmN+EgEM=
